
Microsoft Visual Studio Solution File, Format Version 12.00
# Visual Studio 15
VisualStudioVersion = 15.0.27130.0
MinimumVisualStudioVersion = 10.0.40219.1
Project("{2150E333-8FDC-42A3-9474-1A3956D46DE8}") = "KYOMS.Core20.Services", "KYOMS.Core20.Services", "{B5D135F7-8345-4D9F-A697-7223D5ADBA20}"
EndProject
Project("{2150E333-8FDC-42A3-9474-1A3956D46DE8}") = "KYOMS.Core20.ApplicationCore", "KYOMS.Core20.ApplicationCore", "{D9DF3A6D-9BD5-4E54-9251-DAA658F4E37D}"
EndProject
Project("{9A19103F-16F7-4668-BE54-9A1E7A4F7556}") = "KYOMS.Core20.Entity", "..\KYOMS.Core20.Entity\KYOMS.Core20.Entity.csproj", "{92CFC0CD-8FFA-47E6-9CB8-20EC92876808}"
EndProject
Project("{9A19103F-16F7-4668-BE54-9A1E7A4F7556}") = "KYOMS.Core20.DE", "..\KYOMS.Core20.DE\KYOMS.Core20.DE.csproj", "{28762155-6AD3-4741-A8AE-75A4365CBAC8}"
EndProject
Project("{9A19103F-16F7-4668-BE54-9A1E7A4F7556}") = "KYOMS.Core20.Common", "..\KYOMS.Core20.Common\KYOMS.Core20.Common.csproj", "{66026478-11FD-45AD-B43D-AE04FF886288}"
EndProject
Project("{9A19103F-16F7-4668-BE54-9A1E7A4F7556}") = "KYOMS.Core20.Application", "..\KYOMS.Core20.ApplicationCore\KYOMS.Core20.Application\KYOMS.Core20.Application.csproj", "{88CC706A-5711-472B-86FA-501FA0CDD5A4}"
EndProject
Project("{9A19103F-16F7-4668-BE54-9A1E7A4F7556}") = "KYOMS.Core20.Respository", "..\KYOMS.Core20.ApplicationCore\KYOMS.Core20.Respository\KYOMS.Core20.Respository.csproj", "{F8FD451F-7140-4590-B0B2-6B9E71F79E12}"
EndProject
Project("{2150E333-8FDC-42A3-9474-1A3956D46DE8}") = "KYOMS.Core20.Test", "KYOMS.Core20.Test", "{64169E16-C929-4B83-8E61-1362051561A8}"
EndProject
Project("{9A19103F-16F7-4668-BE54-9A1E7A4F7556}") = "KYOMS.Core20.Test.Cainiao", "..\KYOMS.Core20.Test\KYOMS.Core20.Test.Cainiao\KYOMS.Core20.Test.Cainiao.csproj", "{9FD388AC-78F6-404D-928D-F0198FEE6700}"
EndProject
Project("{9A19103F-16F7-4668-BE54-9A1E7A4F7556}") = "KYOMS.Services.Core20.OrderMonitor", "..\KYOMS.Core20.Services\KYOMS.Services.Core20.OrderMonitor\KYOMS.Services.Core20.OrderMonitor.csproj", "{DFBFCF91-32FF-4A21-BDE8-9D41E79075A0}"
EndProject
Project("{9A19103F-16F7-4668-BE54-9A1E7A4F7556}") = "KYOMS.Services.Core20.HC", "..\KYOMS.Core20.Services\KYOMS.Services.Core20.HC\KYOMS.Services.Core20.HC.csproj", "{93F038A1-37ED-4AAE-9552-EEA9BD6C3A3D}"
EndProject
Project("{9A19103F-16F7-4668-BE54-9A1E7A4F7556}") = "KYOMS.Services.Core20.TAOBAO", "..\KYOMS.Core20.Services\KYOMS.Services.Core20.TAOBAO\KYOMS.Services.Core20.TAOBAO.csproj", "{1891543D-0910-4545-AEB4-243BBAF44103}"
EndProject
Project("{9A19103F-16F7-4668-BE54-9A1E7A4F7556}") = "KYOMS.Core20.Services.Ali", "..\KYOMS.Core20.Services\KYOMS.Core20.Services.Ali\KYOMS.Core20.Services.Ali.csproj", "{4034E846-DAB6-4605-9710-2E79622271CF}"
EndProject
Project("{9A19103F-16F7-4668-BE54-9A1E7A4F7556}") = "ZQOMS.Core20.Repository", "..\KYOMS.Core20.ApplicationCore\ZQOMS.Core20.Repository\ZQOMS.Core20.Repository.csproj", "{B1CB8F11-E675-4058-8460-8D27C2FD882A}"
EndProject
Project("{9A19103F-16F7-4668-BE54-9A1E7A4F7556}") = "KYOMS.Core20.Services.Cainiao", "..\KYOMS.Core20.Services\KYOMS.Core20.Services.Cainiao\KYOMS.Core20.Services.Cainiao.csproj", "{23607131-BBBA-4DBB-BF80-0159A167DF87}"
EndProject
Project("{9A19103F-16F7-4668-BE54-9A1E7A4F7556}") = "KYOMS.Core20.Test.LoggerCore", "..\KYOMS.Core20.Test\KYOMS.Core20.Test.LoggerCore\KYOMS.Core20.Test.LoggerCore.csproj", "{AD7689F5-0B3F-4667-871F-9E1D536402B1}"
EndProject
Project("{9A19103F-16F7-4668-BE54-9A1E7A4F7556}") = "KYOMS.Core20.Test.ProjectStress", "..\KYOMS.Core20.Test\KYOMS.Core20.Test.ProjectStress\KYOMS.Core20.Test.ProjectStress.csproj", "{CFE26E02-CC0C-4C2C-829B-A29632563667}"
EndProject
Global
	GlobalSection(SolutionConfigurationPlatforms) = preSolution
		Debug|Any CPU = Debug|Any CPU
		Release|Any CPU = Release|Any CPU
	EndGlobalSection
	GlobalSection(ProjectConfigurationPlatforms) = postSolution
		{92CFC0CD-8FFA-47E6-9CB8-20EC92876808}.Debug|Any CPU.ActiveCfg = Debug|Any CPU
		{92CFC0CD-8FFA-47E6-9CB8-20EC92876808}.Debug|Any CPU.Build.0 = Debug|Any CPU
		{92CFC0CD-8FFA-47E6-9CB8-20EC92876808}.Release|Any CPU.ActiveCfg = Release|Any CPU
		{92CFC0CD-8FFA-47E6-9CB8-20EC92876808}.Release|Any CPU.Build.0 = Release|Any CPU
		{28762155-6AD3-4741-A8AE-75A4365CBAC8}.Debug|Any CPU.ActiveCfg = Debug|Any CPU
		{28762155-6AD3-4741-A8AE-75A4365CBAC8}.Debug|Any CPU.Build.0 = Debug|Any CPU
		{28762155-6AD3-4741-A8AE-75A4365CBAC8}.Release|Any CPU.ActiveCfg = Release|Any CPU
		{28762155-6AD3-4741-A8AE-75A4365CBAC8}.Release|Any CPU.Build.0 = Release|Any CPU
		{66026478-11FD-45AD-B43D-AE04FF886288}.Debug|Any CPU.ActiveCfg = Debug|Any CPU
		{66026478-11FD-45AD-B43D-AE04FF886288}.Debug|Any CPU.Build.0 = Debug|Any CPU
		{66026478-11FD-45AD-B43D-AE04FF886288}.Release|Any CPU.ActiveCfg = Release|Any CPU
		{66026478-11FD-45AD-B43D-AE04FF886288}.Release|Any CPU.Build.0 = Release|Any CPU
		{88CC706A-5711-472B-86FA-501FA0CDD5A4}.Debug|Any CPU.ActiveCfg = Debug|Any CPU
		{88CC706A-5711-472B-86FA-501FA0CDD5A4}.Debug|Any CPU.Build.0 = Debug|Any CPU
		{88CC706A-5711-472B-86FA-501FA0CDD5A4}.Release|Any CPU.ActiveCfg = Release|Any CPU
		{88CC706A-5711-472B-86FA-501FA0CDD5A4}.Release|Any CPU.Build.0 = Release|Any CPU
		{F8FD451F-7140-4590-B0B2-6B9E71F79E12}.Debug|Any CPU.ActiveCfg = Debug|Any CPU
		{F8FD451F-7140-4590-B0B2-6B9E71F79E12}.Debug|Any CPU.Build.0 = Debug|Any CPU
		{F8FD451F-7140-4590-B0B2-6B9E71F79E12}.Release|Any CPU.ActiveCfg = Release|Any CPU
		{F8FD451F-7140-4590-B0B2-6B9E71F79E12}.Release|Any CPU.Build.0 = Release|Any CPU
		{9FD388AC-78F6-404D-928D-F0198FEE6700}.Debug|Any CPU.ActiveCfg = Debug|Any CPU
		{9FD388AC-78F6-404D-928D-F0198FEE6700}.Debug|Any CPU.Build.0 = Debug|Any CPU
		{9FD388AC-78F6-404D-928D-F0198FEE6700}.Release|Any CPU.ActiveCfg = Release|Any CPU
		{9FD388AC-78F6-404D-928D-F0198FEE6700}.Release|Any CPU.Build.0 = Release|Any CPU
		{DFBFCF91-32FF-4A21-BDE8-9D41E79075A0}.Debug|Any CPU.ActiveCfg = Debug|Any CPU
		{DFBFCF91-32FF-4A21-BDE8-9D41E79075A0}.Debug|Any CPU.Build.0 = Debug|Any CPU
		{DFBFCF91-32FF-4A21-BDE8-9D41E79075A0}.Release|Any CPU.ActiveCfg = Release|Any CPU
		{DFBFCF91-32FF-4A21-BDE8-9D41E79075A0}.Release|Any CPU.Build.0 = Release|Any CPU
		{93F038A1-37ED-4AAE-9552-EEA9BD6C3A3D}.Debug|Any CPU.ActiveCfg = Debug|Any CPU
		{93F038A1-37ED-4AAE-9552-EEA9BD6C3A3D}.Debug|Any CPU.Build.0 = Debug|Any CPU
		{93F038A1-37ED-4AAE-9552-EEA9BD6C3A3D}.Release|Any CPU.ActiveCfg = Release|Any CPU
		{93F038A1-37ED-4AAE-9552-EEA9BD6C3A3D}.Release|Any CPU.Build.0 = Release|Any CPU
		{1891543D-0910-4545-AEB4-243BBAF44103}.Debug|Any CPU.ActiveCfg = Debug|Any CPU
		{1891543D-0910-4545-AEB4-243BBAF44103}.Debug|Any CPU.Build.0 = Debug|Any CPU
		{1891543D-0910-4545-AEB4-243BBAF44103}.Release|Any CPU.ActiveCfg = Release|Any CPU
		{1891543D-0910-4545-AEB4-243BBAF44103}.Release|Any CPU.Build.0 = Release|Any CPU
		{4034E846-DAB6-4605-9710-2E79622271CF}.Debug|Any CPU.ActiveCfg = Debug|Any CPU
		{4034E846-DAB6-4605-9710-2E79622271CF}.Debug|Any CPU.Build.0 = Debug|Any CPU
		{4034E846-DAB6-4605-9710-2E79622271CF}.Release|Any CPU.ActiveCfg = Release|Any CPU
		{4034E846-DAB6-4605-9710-2E79622271CF}.Release|Any CPU.Build.0 = Release|Any CPU
		{B1CB8F11-E675-4058-8460-8D27C2FD882A}.Debug|Any CPU.ActiveCfg = Debug|Any CPU
		{B1CB8F11-E675-4058-8460-8D27C2FD882A}.Debug|Any CPU.Build.0 = Debug|Any CPU
		{B1CB8F11-E675-4058-8460-8D27C2FD882A}.Release|Any CPU.ActiveCfg = Release|Any CPU
		{B1CB8F11-E675-4058-8460-8D27C2FD882A}.Release|Any CPU.Build.0 = Release|Any CPU
		{23607131-BBBA-4DBB-BF80-0159A167DF87}.Debug|Any CPU.ActiveCfg = Debug|Any CPU
		{23607131-BBBA-4DBB-BF80-0159A167DF87}.Debug|Any CPU.Build.0 = Debug|Any CPU
		{23607131-BBBA-4DBB-BF80-0159A167DF87}.Release|Any CPU.ActiveCfg = Release|Any CPU
		{23607131-BBBA-4DBB-BF80-0159A167DF87}.Release|Any CPU.Build.0 = Release|Any CPU
		{AD7689F5-0B3F-4667-871F-9E1D536402B1}.Debug|Any CPU.ActiveCfg = Debug|Any CPU
		{AD7689F5-0B3F-4667-871F-9E1D536402B1}.Debug|Any CPU.Build.0 = Debug|Any CPU
		{AD7689F5-0B3F-4667-871F-9E1D536402B1}.Release|Any CPU.ActiveCfg = Release|Any CPU
		{AD7689F5-0B3F-4667-871F-9E1D536402B1}.Release|Any CPU.Build.0 = Release|Any CPU
		{CFE26E02-CC0C-4C2C-829B-A29632563667}.Debug|Any CPU.ActiveCfg = Debug|Any CPU
		{CFE26E02-CC0C-4C2C-829B-A29632563667}.Debug|Any CPU.Build.0 = Debug|Any CPU
		{CFE26E02-CC0C-4C2C-829B-A29632563667}.Release|Any CPU.ActiveCfg = Release|Any CPU
		{CFE26E02-CC0C-4C2C-829B-A29632563667}.Release|Any CPU.Build.0 = Release|Any CPU
	EndGlobalSection
	GlobalSection(SolutionProperties) = preSolution
		HideSolutionNode = FALSE
	EndGlobalSection
	GlobalSection(NestedProjects) = preSolution
		{88CC706A-5711-472B-86FA-501FA0CDD5A4} = {D9DF3A6D-9BD5-4E54-9251-DAA658F4E37D}
		{F8FD451F-7140-4590-B0B2-6B9E71F79E12} = {D9DF3A6D-9BD5-4E54-9251-DAA658F4E37D}
		{9FD388AC-78F6-404D-928D-F0198FEE6700} = {64169E16-C929-4B83-8E61-1362051561A8}
		{DFBFCF91-32FF-4A21-BDE8-9D41E79075A0} = {B5D135F7-8345-4D9F-A697-7223D5ADBA20}
		{93F038A1-37ED-4AAE-9552-EEA9BD6C3A3D} = {B5D135F7-8345-4D9F-A697-7223D5ADBA20}
		{1891543D-0910-4545-AEB4-243BBAF44103} = {B5D135F7-8345-4D9F-A697-7223D5ADBA20}
		{4034E846-DAB6-4605-9710-2E79622271CF} = {B5D135F7-8345-4D9F-A697-7223D5ADBA20}
		{B1CB8F11-E675-4058-8460-8D27C2FD882A} = {D9DF3A6D-9BD5-4E54-9251-DAA658F4E37D}
		{23607131-BBBA-4DBB-BF80-0159A167DF87} = {B5D135F7-8345-4D9F-A697-7223D5ADBA20}
		{AD7689F5-0B3F-4667-871F-9E1D536402B1} = {64169E16-C929-4B83-8E61-1362051561A8}
		{CFE26E02-CC0C-4C2C-829B-A29632563667} = {64169E16-C929-4B83-8E61-1362051561A8}
	EndGlobalSection
	GlobalSection(ExtensibilityGlobals) = postSolution
		SolutionGuid = {7131F8D6-C09B-4C3A-A458-1552114D0F08}
	EndGlobalSection
EndGlobal
